
Microsoft Visual Studio Solution File, Format Version 12.00
# Visual Studio Version 16
VisualStudioVersion = 16.0.31205.134
MinimumVisualStudioVersion = 10.0.40219.1
Project("{9A19103F-16F7-4668-BE54-9A1E7A4F7556}") = "GeometricFigures", "GeometricFigures\GeometricFigures.csproj", "{7CA7704C-19EE-4C1E-A227-C755717903BF}"
EndProject
Project("{FAE04EC0-301F-11D3-BF4B-00C04F79EFBC}") = "GeometricFigures.Tests", "GeometricFigures.Tests\GeometricFigures.Tests.csproj", "{BF6F3FC2-1774-4FFA-B6F6-1F0481654136}"
EndProject
Global
	GlobalSection(SolutionConfigurationPlatforms) = preSolution
		Debug|Any CPU = Debug|Any CPU
		Release|Any CPU = Release|Any CPU
	EndGlobalSection
	GlobalSection(ProjectConfigurationPlatforms) = postSolution
		{7CA7704C-19EE-4C1E-A227-C755717903BF}.Debug|Any CPU.ActiveCfg = Debug|Any CPU
		{7CA7704C-19EE-4C1E-A227-C755717903BF}.Debug|Any CPU.Build.0 = Debug|Any CPU
		{7CA7704C-19EE-4C1E-A227-C755717903BF}.Release|Any CPU.ActiveCfg = Release|Any CPU
		{7CA7704C-19EE-4C1E-A227-C755717903BF}.Release|Any CPU.Build.0 = Release|Any CPU
		{BF6F3FC2-1774-4FFA-B6F6-1F0481654136}.Debug|Any CPU.ActiveCfg = Debug|Any CPU
		{BF6F3FC2-1774-4FFA-B6F6-1F0481654136}.Debug|Any CPU.Build.0 = Debug|Any CPU
		{BF6F3FC2-1774-4FFA-B6F6-1F0481654136}.Release|Any CPU.ActiveCfg = Release|Any CPU
		{BF6F3FC2-1774-4FFA-B6F6-1F0481654136}.Release|Any CPU.Build.0 = Release|Any CPU
	EndGlobalSection
	GlobalSection(SolutionProperties) = preSolution
		HideSolutionNode = FALSE
	EndGlobalSection
	GlobalSection(ExtensibilityGlobals) = postSolution
		SolutionGuid = {6304C6DD-61D1-448B-A15E-87B855A3BA2E}
	EndGlobalSection
EndGlobal
